
Microsoft Visual Studio Solution File, Format Version 12.00
# Visual Studio Version 16
VisualStudioVersion = 16.0.32428.217
MinimumVisualStudioVersion = 10.0.40219.1
Project("{FAE04EC0-301F-11D3-BF4B-00C04F79EFBC}") = "ToolBox-Manager", "ToolBox-Manager\ToolBox-Manager.csproj", "{C865AABA-E737-4694-9A9B-421355FCEDC2}"
EndProject
Global
	GlobalSection(SolutionConfigurationPlatforms) = preSolution
		Debug|Any CPU = Debug|Any CPU
		Release|Any CPU = Release|Any CPU
	EndGlobalSection
	GlobalSection(ProjectConfigurationPlatforms) = postSolution
		{C865AABA-E737-4694-9A9B-421355FCEDC2}.Debug|Any CPU.ActiveCfg = Debug|Any CPU
		{C865AABA-E737-4694-9A9B-421355FCEDC2}.Debug|Any CPU.Build.0 = Debug|Any CPU
		{C865AABA-E737-4694-9A9B-421355FCEDC2}.Release|Any CPU.ActiveCfg = Release|Any CPU
		{C865AABA-E737-4694-9A9B-421355FCEDC2}.Release|Any CPU.Build.0 = Release|Any CPU
	EndGlobalSection
	GlobalSection(SolutionProperties) = preSolution
		HideSolutionNode = FALSE
	EndGlobalSection
	GlobalSection(ExtensibilityGlobals) = postSolution
		SolutionGuid = {AEA8CBB4-A27E-480E-9478-EAB5D02E46CF}
	EndGlobalSection
EndGlobal
